{
    "version": 3,
    "terraform_version": "0.11.1",
    "serial": 4,
    "lineage": "3585f9c9-37d5-40e2-804b-a3ecd663ce71",
    "modules": [
        {
            "path": [
                "root"
            ],
            "outputs": {},
            "resources": {
                "aws_key_pair.key": {
                    "type": "aws_key_pair",
                    "depends_on": [],
                    "primary": {
                        "id": "seckey",
                        "attributes": {
                            "fingerprint": "58:b1:82:5b:23:25:ad:67:7a:f7:19:4d:dd:c8:a9:1a",
                            "id": "seckey",
                            "key_name": "seckey",
                            "public_key": "ssh-rsa AAAAB3NzaC1yc2EAAAADAQABAAABAQDDc58MFekpMcZeqZyd5TwpgDlZUnJz8BuYGsg3xYfgk3HIyFTKZlEmlw2QHIg/+kuh+e6bK2IpNtd3AdRIFN1HYzKZI3/+VxepYNYMnnoCiXkuYU9MlxA0FsX6klN78GR18PPzqtqgZFmUvLJcBEqLyO8mt7bTXh98SDa1Kh1lPSH1swYA+LJvucCEnDPuR8dVloeKTcKYuYrAv7YwHJK6ZZ9ZZtGj9JIyu0iCWzWhrP0gQFYcsy/6kEsDeu14+j2zPX9aIAFvW/aIvzoSKOlx1pSMqeWPDPs652/zcLfeRBnTaGWqqu0ZOQKixjuJ+zRYi80w7x0zwtghpr6m7Q9T unixadmin@WIN-QNR29806KC5"
                        },
                        "meta": {
                            "schema_version": "1"
                        },
                        "tainted": false
                    },
                    "deposed": [],
                    "provider": "provider.aws"
                },
                "aws_security_group.dm_zone": {
                    "type": "aws_security_group",
                    "depends_on": [],
                    "primary": {
                        "id": "sg-0b6996e6979f68fa7",
                        "attributes": {
                            "arn": "arn:aws:ec2:us-east-1:521346301884:security-group/sg-0b6996e6979f68fa7",
                            "description": "Managed by Terraform",
                            "egress.#": "0",
                            "id": "sg-0b6996e6979f68fa7",
                            "ingress.#": "0",
                            "name": "dm_zone",
                            "owner_id": "521346301884",
                            "revoke_rules_on_delete": "false",
                            "tags.%": "0",
                            "vpc_id": "vpc-cc9bf5a9"
                        },
                        "meta": {
                            "e2bfb730-ecaa-11e6-8f88-34363bc7c4c0": {
                                "create": 600000000000,
                                "delete": 600000000000
                            },
                            "schema_version": "1"
                        },
                        "tainted": false
                    },
                    "deposed": [],
                    "provider": "provider.aws"
                },
                "aws_security_group_rule.allow_icmp_in": {
                    "type": "aws_security_group_rule",
                    "depends_on": [
                        "aws_security_group.dm_zone"
                    ],
                    "primary": {
                        "id": "sgrule-993406434",
                        "attributes": {
                            "cidr_blocks.#": "1",
                            "cidr_blocks.0": "0.0.0.0/0",
                            "from_port": "-1",
                            "id": "sgrule-993406434",
                            "protocol": "-1",
                            "security_group_id": "sg-0b6996e6979f68fa7",
                            "self": "false",
                            "to_port": "-1",
                            "type": "ingress"
                        },
                        "meta": {
                            "schema_version": "2"
                        },
                        "tainted": false
                    },
                    "deposed": [],
                    "provider": "provider.aws"
                },
                "aws_security_group_rule.allow_icmp_out": {
                    "type": "aws_security_group_rule",
                    "depends_on": [
                        "aws_security_group.dm_zone"
                    ],
                    "primary": {
                        "id": "sgrule-1390067574",
                        "attributes": {
                            "cidr_blocks.#": "1",
                            "cidr_blocks.0": "0.0.0.0/0",
                            "from_port": "-1",
                            "id": "sgrule-1390067574",
                            "protocol": "-1",
                            "security_group_id": "sg-0b6996e6979f68fa7",
                            "self": "false",
                            "to_port": "-1",
                            "type": "egress"
                        },
                        "meta": {
                            "schema_version": "2"
                        },
                        "tainted": false
                    },
                    "deposed": [],
                    "provider": "provider.aws"
                }
            },
            "depends_on": []
        }
    ]
}
